
Microsoft Visual Studio Solution File, Format Version 12.00
# Visual Studio 15
VisualStudioVersion = 15.0.28307.329
MinimumVisualStudioVersion = 10.0.40219.1
Project("{FAE04EC0-301F-11D3-BF4B-00C04F79EFBC}") = "letter", "letter\letter.csproj", "{7C64EEF7-6C55-4809-B95C-68DF117C0E50}"
EndProject
Global
	GlobalSection(SolutionConfigurationPlatforms) = preSolution
		Debug|Any CPU = Debug|Any CPU
		Release|Any CPU = Release|Any CPU
	EndGlobalSection
	GlobalSection(ProjectConfigurationPlatforms) = postSolution
		{7C64EEF7-6C55-4809-B95C-68DF117C0E50}.Debug|Any CPU.ActiveCfg = Debug|Any CPU
		{7C64EEF7-6C55-4809-B95C-68DF117C0E50}.Debug|Any CPU.Build.0 = Debug|Any CPU
		{7C64EEF7-6C55-4809-B95C-68DF117C0E50}.Release|Any CPU.ActiveCfg = Release|Any CPU
		{7C64EEF7-6C55-4809-B95C-68DF117C0E50}.Release|Any CPU.Build.0 = Release|Any CPU
	EndGlobalSection
	GlobalSection(SolutionProperties) = preSolution
		HideSolutionNode = FALSE
	EndGlobalSection
	GlobalSection(ExtensibilityGlobals) = postSolution
		SolutionGuid = {21419CDC-3F77-434C-837D-FCE10D4813EB}
	EndGlobalSection
EndGlobal
